{
  "name": "ong-shop-fullstack",
  "lockfileVersion": 3,
  "requires": true,
  "packages": {
    "": {
      "devDependencies": {
        "daisyui": "^5.6.16"
      }
    },
    "node_modules/daisyui": {
      "version": "5.6.16",
      "resolved": "https://registry.npmjs.org/daisyui/-/daisyui-5.6.16.tgz",
      "integrity": "sha512-A5/IrcFCXyfzQ7M2fnKVPfMbKCVu0xeM7/G22gK1XRcp2dgA39kvFOeEAK8f2KpJJQJ+s9Jc5pZoJoYsPEJ8JQ==",
      "dev": true,
      "funding": {
        "url": "https://github.com/saadeghi/daisyui?sponsor=1"
      }
    }
  }
}
